
Microsoft Visual Studio Solution File, Format Version 12.00
# Visual Studio Version 16
VisualStudioVersion = 16.0.30413.136
MinimumVisualStudioVersion = 10.0.40219.1
Project("{FAE04EC0-301F-11D3-BF4B-00C04F79EFBC}") = "AspNetCoremMvcDepartman", "AspNetCoremMvcDepartman\AspNetCoremMvcDepartman.csproj", "{B832F762-36C5-4A55-8F63-7AFD69F4ADDC}"
EndProject
Global
	GlobalSection(SolutionConfigurationPlatforms) = preSolution
		Debug|Any CPU = Debug|Any CPU
		Release|Any CPU = Release|Any CPU
	EndGlobalSection
	GlobalSection(ProjectConfigurationPlatforms) = postSolution
		{B832F762-36C5-4A55-8F63-7AFD69F4ADDC}.Debug|Any CPU.ActiveCfg = Debug|Any CPU
		{B832F762-36C5-4A55-8F63-7AFD69F4ADDC}.Debug|Any CPU.Build.0 = Debug|Any CPU
		{B832F762-36C5-4A55-8F63-7AFD69F4ADDC}.Release|Any CPU.ActiveCfg = Release|Any CPU
		{B832F762-36C5-4A55-8F63-7AFD69F4ADDC}.Release|Any CPU.Build.0 = Release|Any CPU
	EndGlobalSection
	GlobalSection(SolutionProperties) = preSolution
		HideSolutionNode = FALSE
	EndGlobalSection
	GlobalSection(ExtensibilityGlobals) = postSolution
		SolutionGuid = {E40039DB-5D47-42CB-A622-6E79E439B390}
	EndGlobalSection
EndGlobal
